lockfileVersion: '9.0'

settings:
  autoInstallPeers: true
  excludeLinksFromLockfile: false

importers:

  .:
    dependencies:
      '@rbxts-js/dom-testing-library-lua':
        specifier: 8.16.0-ts.3
        version: 8.16.0-ts.3
      '@rbxts-js/jest-globals':
        specifier: 3.16.0-ts.1
        version: 3.16.0-ts.1
      '@rbxts-js/luau-polyfill':
        specifier: 1.2.3-ts.1
        version: 1.2.3-ts.1
      '@rbxts-js/react':
        specifier: 17.3.7-ts.1
        version: 17.3.7-ts.1
      '@rbxts-js/react-roblox':
        specifier: ^17.3.7-ts.1
        version: 17.3.7-ts.1
      '@rbxts-js/roblox-lua-promise':
        specifier: 3.5.0-ts.2
        version: 3.5.0-ts.2
      '@rbxts-js/scheduler':
        specifier: 17.3.7-ts.1
        version: 17.3.7-ts.1
      '@rbxts-js/shared':
        specifier: 17.3.7-ts.1
        version: 17.3.7-ts.1
    devDependencies:
      '@rbxts-js/jest-core':
        specifier: 3.16.0-ts.1
        version: 3.16.0-ts.1
      '@rbxts-js/luau-regexp':
        specifier: 0.2.2-ts.1
        version: 0.2.2-ts.1

packages:

  '@rbxts-js/boolean@1.2.3-ts.1':
    resolution: {integrity: sha512-IlYFG9uatXQKXOLR1mdptVeEcxudwBCierO+Vu6VZRRaI+/+JDxUClm+QFZyce/kitwnDTmtNvhqVAUtFvCU0Q==}

  '@rbxts-js/chalk-lua@0.2.2-ts.2':
    resolution: {integrity: sha512-UCMkX/ufijrQyEt20SJ/Qxe4vLMEwimVYty2l3kkly0InTC0SRFPRUIarZWwyff8z6LoHB479UUX6wfACm/CXA==}

  '@rbxts-js/collections@1.2.3-ts.1':
    resolution: {integrity: sha512-RYT73QyEdsV+DCQMtyzT2bZ1P12j2b+JSHVdb1x6xrDq/KdVEkk/QAzW+o22vPrLXbHa6/jA5bmVlgVcOOrIjA==}

  '@rbxts-js/console@1.2.3-ts.1':
    resolution: {integrity: sha512-qacyJE7bYf4n9448F7mn9e8Y5qljZb7QkSmsmnbQT2HA9Mecvg3gqc9RwCIdVkBV6o1AGVAHbatNQ3a39zPjaw==}

  '@rbxts-js/diff-sequences@3.16.0-ts.1':
    resolution: {integrity: sha512-HodCPVo5ENGQZl1xfWCs6v1KKeq1mP7Cusbif8prssXNxmLbybZ+uzFOI1kCg3LRTtXuhadgErCHbUeS/eo63Q==}

  '@rbxts-js/dom-testing-library-lua@8.16.0-ts.3':
    resolution: {integrity: sha512-g1o7h9XZeDCDYnpL9CMLGt7VvnwCgqKhMkAiugOtVmOE4MMv2UxyCPTSvjJ+6poxJiUQMPJ+X5Q4aMpGtSQP8Q==}

  '@rbxts-js/emittery@3.16.0-ts.1':
    resolution: {integrity: sha512-drNizxly/OennxikLBL6kUH9lHNHEqpXc3F/3JVOS9CRuQALeesyrIBCuCVreYzVo1d4jybYmgfiUI8ShyJDtw==}

  '@rbxts-js/es7-types@1.2.3-ts.1':
    resolution: {integrity: sha512-Z7NitBQp6tyzsr5eKlSX54rmopKXpzGu33lYikjF37llrnGFBpnRcZgCJwHKYciloRmjUtnR/UohUNwbWyG9Zg==}

  '@rbxts-js/expect@3.16.0-ts.1':
    resolution: {integrity: sha512-U8QMpkGb9Q/F/u0aApMdyOwgj7BsSXxte94bpSDvzR4uoP0giZgFIZxb7r2SkpsfamcgY+QxSGFsWpSWfzIZsg==}

  '@rbxts-js/instance-of@1.2.3-ts.1':
    resolution: {integrity: sha512-3fKvDPvxHuEZALNBP2XdbXfzjEfbgsXAheCm1Jf5kC2r+HgszW+yqg4zY6TjW0pcsJM2JjH+fM52oomSNu3LLQ==}

  '@rbxts-js/jest-circus@3.16.0-ts.1':
    resolution: {integrity: sha512-R7JGfJEyRmUToBQHAgcNK0xNopE1NYTJGPLcjdOZ58ezS9sxW2G5hQ1quux8Tc9unlZW39xqYLDDfO4EVIY3Dg==}

  '@rbxts-js/jest-config@3.16.0-ts.1':
    resolution: {integrity: sha512-UN2h7lrPjNr3tMRkAhSyXRRWmSObouLIvcSRG6qJWtJZD0Rzbd1tJljzn5V2OfZVtJ2MD3zH/tQKv0ot1gKPYg==}

  '@rbxts-js/jest-console@3.16.0-ts.1':
    resolution: {integrity: sha512-dbsizFXLfFYZrOh14uZdb69FX7eX9u51q2T2zWwJET4SFt1+kW8qSIYVVxs0eKhIspWX1VAVSKh9Khyl/4dTqQ==}

  '@rbxts-js/jest-core@3.16.0-ts.1':
    resolution: {integrity: sha512-TJOS9booXAaShSFMKtG3ZajJeZ6+XwHGm86XrmwFqyke8hb+IK5ub1tN486aPYSaar5bosJUTovGihYLl4oOpg==}

  '@rbxts-js/jest-diff@3.16.0-ts.1':
    resolution: {integrity: sha512-DmK5cPRu60nNtCTKo9Q3M2eGlnG3rok1lVpu9KR8Hf7x00TzbZ4BRPvFQv5oQozTflVvH8WNxu6O+buVuVWLIA==}

  '@rbxts-js/jest-each@3.16.0-ts.1':
    resolution: {integrity: sha512-b9Bj7Y8Ao6OywCRI34ik5dKMkBLQllkbmcKgQDXyFLlG5LR0GncgKOiFrG6X6qLwasWnolYf1X6+akzGNeJUIw==}

  '@rbxts-js/jest-environment-luau@3.16.0-ts.1':
    resolution: {integrity: sha512-EGCFAEEzyJ4Fu4qSD7d+OQLkeW2FdXXC2rq8UL+EAauMxoVvmxb36rC1CjohDHWh3eiio/GxMpg8o0u6OwFNng==}

  '@rbxts-js/jest-environment@3.16.0-ts.1':
    resolution: {integrity: sha512-mLPDDookGFeG7YCjzStDTXXIhvw8/PKzs0iOFUuseYFmzNlHc4DICVoU+Pqd20TmNjMf0XRcjIFHAS9BYgb+0g==}

  '@rbxts-js/jest-fake-timers@3.16.0-ts.1':
    resolution: {integrity: sha512-nLhrl6JiK6K6sxZ7mwbnGWxlhF2OpLNrHDcxnbgJ6HR7LGzf0nSV/22nP7ciiKLDYQZuNl85KYhaHxTw6ljnFw==}

  '@rbxts-js/jest-get-type@3.16.0-ts.1':
    resolution: {integrity: sha512-QSKyrlelo+ni6pIheZw9bWcivxy5t3RM3eRIx/CQorPkkpX+qO1VbFDQW7Lq2m5KpWjEfdSK/bFQFJasV5A/dQ==}

  '@rbxts-js/jest-globals@3.16.0-ts.1':
    resolution: {integrity: sha512-E2sW4JN4DY/lPfySxse7T6RhcPzSqDVqxTap671qy+gKUJlxj4m2xK+aNG/e4f6uecbSDwg9XSt0mdZKRO8+Vg==}

  '@rbxts-js/jest-matcher-utils@3.16.0-ts.1':
    resolution: {integrity: sha512-QmdxzGITlIP9FiCVkBPo8FXRf85POfmo7aKQ0lob9fzXlkbgpRSLLfQJeeqLrnlxe9nJSy90lwwamLi8drko0A==}

  '@rbxts-js/jest-message-util@3.16.0-ts.1':
    resolution: {integrity: sha512-cDznh0sVhPh68Q9DUpbBzsQte3fbuvL1BBGIEA/tpsM8UJmVKqNb5CNRC+bip9nBAsj+S5pBpGxOxsW/PpgjlQ==}

  '@rbxts-js/jest-mock-genv@3.16.0-ts.1':
    resolution: {integrity: sha512-Butn5hZT4Lgb/NZQ8Oe4rvpNgaV7TTQM4qHmrlrIj58TUyN1TNRG9w3Zds+uPLwJ5flQuKJguZ3w1+OSgfPwrg==}

  '@rbxts-js/jest-mock-rbx@3.16.0-ts.1':
    resolution: {integrity: sha512-d7m2y3t0EJQIIGHtEpS7moZs/i0xfd7tLKrpFHYCGZ1GECD94BZ/2J9E/7kJERmNrVJe5J/xDK425kqb5o4sCw==}

  '@rbxts-js/jest-mock@3.16.0-ts.1':
    resolution: {integrity: sha512-k40+FLW94dg7Ag70qgp0T/MKCR67uciNrJA7LjfGBgkBhrKbOSSmrzFTPwdg2l454EitbVCdc4es4Z30u1n1kg==}

  '@rbxts-js/jest-reporters@3.16.0-ts.1':
    resolution: {integrity: sha512-EhHeSxOzphv7t7FhRzaxbd78HWipT8DZKH+JbvHOpRhRY0G4NXstbxgpMusJhYou57whU3wsLAL2FZ7zHwd/lQ==}

  '@rbxts-js/jest-runner@3.16.0-ts.1':
    resolution: {integrity: sha512-wHr4DO/3d0d+ozsDFr68Ivf10flWt/WbO1lCyy0Xsr0LLp4kwBB3RyOHABhBRKN32IY9kdXeFHak5VXZerswtQ==}

  '@rbxts-js/jest-runtime@3.16.0-ts.1':
    resolution: {integrity: sha512-DTuRnL+0JB34UD7rBeIL9D5t1Dqzmmx7odujfYaP0ovgUCncuhJTMX181W8dSh9K/jsBK1/iffNc+WQJqD16Iw==}

  '@rbxts-js/jest-snapshot@3.16.0-ts.1':
    resolution: {integrity: sha512-tuDouunTbdAopL19uoQC2HZt3/bYe3L63LxwN4a4CHDImeK8gr7/j3jsWyYjxuXEs6VSD1/U9pDk780HmLAPyw==}

  '@rbxts-js/jest-test-result@3.16.0-ts.1':
    resolution: {integrity: sha512-4g6Cs82BISCODMrSQ2vgzzP5gsKM3hh5wTouJVzwZWdufYD94pqImG3xT0luMBWu/bAFMQb7ltvo6wrzN1xh7w==}

  '@rbxts-js/jest-types@3.16.0-ts.1':
    resolution: {integrity: sha512-WS+yUhGMDiiWC/VvYw5NV/Q/z7rTZiwXb0VAY6e20CzkRQHcs4HP1jSEn/gGkKRjUrrj0/iisjrpRIEgxCTFqQ==}

  '@rbxts-js/jest-util@3.16.0-ts.1':
    resolution: {integrity: sha512-mW84qmP0GGW1IeYhvRYvGSKC31lB36Yw3SBgknptYGNpjwcw4Hhdpi3iQEpkp/Mf8goKvw6Hx76hDSAXhHVS5Q==}

  '@rbxts-js/jest-validate@3.16.0-ts.1':
    resolution: {integrity: sha512-EuZ2sPhuuU6Rr8PjdfFB8bdRqZ/26myaSAzJ/kfEiKQhMDeJYSiMcerFCAZDb2+R5U/gR/yuutHvu0dhBcraGw==}

  '@rbxts-js/luau-polyfill@1.2.3-ts.1':
    resolution: {integrity: sha512-2asgvWrOhf311rNgEM/fxMO3+xOVI63Cz1K1PobyZVtDdd87ZJ6RGiZSFl1EAeU77SZc8280toJDVs9YSwxWnA==}

  '@rbxts-js/luau-regexp@0.2.2-ts.1':
    resolution: {integrity: sha512-tsgz3LS0l5GE2vOb+A+bJj2mIwAQTKr43d2Ua7k142R4WKwG9WocOLHzwLKosqwoqLjKcmrya2TFGSFzmDZz5A==}

  '@rbxts-js/math@1.2.3-ts.1':
    resolution: {integrity: sha512-mF7IMJJyxYE02cRNWJ1wsq4pPaAEXKX+CbGlmI0G3QBgWVHj+Oi02IR6pssyUyE6Y2BKvgvP3dcJuTO51OX25A==}

  '@rbxts-js/number@1.2.3-ts.1':
    resolution: {integrity: sha512-tPdt2s7fEBSxImVFBUvuSMtBKIvaZUCtlOjBl58Y0+GKB15VPXFIRW/5biVruXPnv9d4sDE3mh986ZxxN4UQ5w==}

  '@rbxts-js/path@3.16.0-ts.1':
    resolution: {integrity: sha512-pV80Q1GSmyYoC0YjIC5B1W2axZoZ9bvxJUkuqV/wMZtJ0V2im+QxhOP7EwvDn4DSKZ01LrAuPjSwJdNP6E4yVQ==}

  '@rbxts-js/picomatch-lua@0.4.0-ts.1':
    resolution: {integrity: sha512-QqALRJ5FPxQTiJgkpElHtxnQOKgtAXlTLxM4vSt3m6Zw7mGQaHyOUSXfLX+A2TZ6jTPFQVmxH+Gax2cRjBZgAw==}

  '@rbxts-js/pretty-format@3.16.0-ts.1':
    resolution: {integrity: sha512-/V3PUKzJissbq3A3vZZkdFEMYbtf0cZtPCgL3g23Jhb5GauSbqLK2TylIbi597X5qxjMkhIPKBa/Ih4aV6qEXw==}

  '@rbxts-js/react-globals@17.3.7-ts.1':
    resolution: {integrity: sha512-vwMHsc3Oy2MDAw2M212nQJ8A7nEG5O/lyXDyMGzYJp4832awhrf34YCkU4dxBE4sdMDcoWykhmuPjmzwrcS9Eg==}

  '@rbxts-js/react-is@17.3.7-ts.1':
    resolution: {integrity: sha512-jTGn3lJWCrFhQ2kMogQXb430+JMSZhsD0VgM1HDYDGwmQpNQhnal5/ERa4Fa0B40HrZFvUbDvZsDX2tB6mqO+w==}

  '@rbxts-js/react-reconciler@17.3.7-ts.1':
    resolution: {integrity: sha512-MxKU48i1gv4djcgHTq3geMvl6MzXPW85FO+itLg0YCvqT3WgE3jsMAc0nneOFi5Mwd5tqybQY6UFF1SbQtBopA==}

  '@rbxts-js/react-roblox@17.3.7-ts.1':
    resolution: {integrity: sha512-xiJQXmJAho/mStcWYC7AXFqgUqW78whUMacaNeODMimQXgoVqaIfo0sEhLtLtS/N3qZRs1KR64nsNG/0n1r/NQ==}

  '@rbxts-js/react@17.3.7-ts.1':
    resolution: {integrity: sha512-nRHYoBzk9DSbOvk281jmN5EM3TlmKv2jOzLgSIGtmNMuwZKi9yEjjxdluS1wHmjSvus1YiPHhBUwrKnbu01Obg==}

  '@rbxts-js/roblox-lua-promise@3.5.0-ts.2':
    resolution: {integrity: sha512-H8fxKVJkRnM60yTZ/riO4X43GZD/MViFm+ftCzzAALkAhE4vSaBDNv9E7IUjZZoWi21bG6vZ8mGIiYfavaljvw==}

  '@rbxts-js/roblox-shared@3.16.0-ts.1':
    resolution: {integrity: sha512-5Z8LngD6hXIWUrGO1xxAdvAlRvHT65lnfYMAfflnOirosXJ7/2RmIa5FHbRYXF7jEvDmU3q+pj3NbgPV/CPmAg==}

  '@rbxts-js/safe-flags@17.3.7-ts.1':
    resolution: {integrity: sha512-aQ/5aQ/wQO5npifAbTEpR3jQRMeyGsVc91AQEyhBW461lPv6ZEg+Ad2HJFSzg4eeK2mb8Z9WyIMBrb01Jt+GnQ==}

  '@rbxts-js/scheduler@17.3.7-ts.1':
    resolution: {integrity: sha512-WCgGQqH9/+A5oJd6HpxMj7Vp1VGqhycnJK0CZTsJl/Ceyf/VH/vif8fo1FrBWkxYEgz/7y0q3LOeRj8ArhyDWQ==}

  '@rbxts-js/shared@17.3.7-ts.1':
    resolution: {integrity: sha512-B/OCkRmbR6ho1yuf0M0hQIb78coDY//2XdmNBaX2XCN5pKa7dquiX6ufk4dizJ/OMBoy9br/cnxqcI0PLvla3w==}

  '@rbxts-js/string@1.2.3-ts.1':
    resolution: {integrity: sha512-Je/WKgZbXF/sAHEsQPuns5n4rWzux327zjr0KRf9Gy62ieUzl2FRZZHjVYce3xdMtHif2JstIf/J3p513TUtRg==}

  '@rbxts-js/symbol-luau@1.0.0-ts.1':
    resolution: {integrity: sha512-TQS/ImDCK5KPGvbmyScH5EZS0ELSCDvZEFR3W+ItPlsLl+bDRSI/0uaKtJ7rbwXgdGwBDKM1QXFPjqe+KOphIA==}

  '@rbxts-js/test-utils@3.16.0-ts.1':
    resolution: {integrity: sha512-5mzJLkLwRH4CA+SS5jZy36vRvceiukJO3/IxluFIkS5P5WyYwyN0Eb6JDV9Pqb4uTVsztkHBY4KKKf76PMYwHg==}

  '@rbxts-js/throat@3.16.0-ts.1':
    resolution: {integrity: sha512-mw0wpt5vw2T1rv9Rou+3BX8dHDzjD2IsQK8CD3mgPN6d5XaTTDIgbvrv8xCBtuh5eReyJil/2o3cp1OvJlXv9A==}

  '@rbxts-js/timers@1.2.3-ts.1':
    resolution: {integrity: sha512-HKP4ymFX3QLWbR/2Gy4LXwvkhjC9OzbwZ5bNunxu+M8Ocbi1cjRduiZK/y5ogLr9cNIfSoxs6e1DQ3soc8/hwA==}

snapshots:

  '@rbxts-js/boolean@1.2.3-ts.1':
    dependencies:
      '@rbxts-js/collections': 1.2.3-ts.1

  '@rbxts-js/chalk-lua@0.2.2-ts.2': {}

  '@rbxts-js/collections@1.2.3-ts.1':
    dependencies:
      '@rbxts-js/es7-types': 1.2.3-ts.1
      '@rbxts-js/instance-of': 1.2.3-ts.1

  '@rbxts-js/console@1.2.3-ts.1':
    dependencies:
      '@rbxts-js/collections': 1.2.3-ts.1

  '@rbxts-js/diff-sequences@3.16.0-ts.1':
    dependencies:
      '@rbxts-js/luau-polyfill': 1.2.3-ts.1

  '@rbxts-js/dom-testing-library-lua@8.16.0-ts.3':
    dependencies:
      '@rbxts-js/chalk-lua': 0.2.2-ts.2
      '@rbxts-js/jest-get-type': 3.16.0-ts.1
      '@rbxts-js/jest-globals': 3.16.0-ts.1
      '@rbxts-js/luau-polyfill': 1.2.3-ts.1
      '@rbxts-js/luau-regexp': 0.2.2-ts.1
      '@rbxts-js/pretty-format': 3.16.0-ts.1
      '@rbxts-js/roblox-lua-promise': 3.5.0-ts.2
      '@rbxts-js/roblox-shared': 3.16.0-ts.1

  '@rbxts-js/emittery@3.16.0-ts.1':
    dependencies:
      '@rbxts-js/luau-polyfill': 1.2.3-ts.1
      '@rbxts-js/roblox-lua-promise': 3.5.0-ts.2

  '@rbxts-js/es7-types@1.2.3-ts.1': {}

  '@rbxts-js/expect@3.16.0-ts.1':
    dependencies:
      '@rbxts-js/jest-get-type': 3.16.0-ts.1
      '@rbxts-js/jest-matcher-utils': 3.16.0-ts.1
      '@rbxts-js/jest-message-util': 3.16.0-ts.1
      '@rbxts-js/jest-snapshot': 3.16.0-ts.1
      '@rbxts-js/jest-util': 3.16.0-ts.1
      '@rbxts-js/luau-polyfill': 1.2.3-ts.1
      '@rbxts-js/luau-regexp': 0.2.2-ts.1
      '@rbxts-js/roblox-lua-promise': 3.5.0-ts.2
      '@rbxts-js/roblox-shared': 3.16.0-ts.1

  '@rbxts-js/instance-of@1.2.3-ts.1': {}

  '@rbxts-js/jest-circus@3.16.0-ts.1':
    dependencies:
      '@rbxts-js/chalk-lua': 0.2.2-ts.2
      '@rbxts-js/expect': 3.16.0-ts.1
      '@rbxts-js/jest-each': 3.16.0-ts.1
      '@rbxts-js/jest-environment': 3.16.0-ts.1
      '@rbxts-js/jest-matcher-utils': 3.16.0-ts.1
      '@rbxts-js/jest-message-util': 3.16.0-ts.1
      '@rbxts-js/jest-runtime': 3.16.0-ts.1
      '@rbxts-js/jest-snapshot': 3.16.0-ts.1
      '@rbxts-js/jest-test-result': 3.16.0-ts.1
      '@rbxts-js/jest-types': 3.16.0-ts.1
      '@rbxts-js/jest-util': 3.16.0-ts.1
      '@rbxts-js/luau-polyfill': 1.2.3-ts.1
      '@rbxts-js/luau-regexp': 0.2.2-ts.1
      '@rbxts-js/pretty-format': 3.16.0-ts.1
      '@rbxts-js/roblox-lua-promise': 3.5.0-ts.2
      '@rbxts-js/roblox-shared': 3.16.0-ts.1
      '@rbxts-js/throat': 3.16.0-ts.1

  '@rbxts-js/jest-config@3.16.0-ts.1':
    dependencies:
      '@rbxts-js/chalk-lua': 0.2.2-ts.2
      '@rbxts-js/jest-environment-luau': 3.16.0-ts.1
      '@rbxts-js/jest-get-type': 3.16.0-ts.1
      '@rbxts-js/jest-types': 3.16.0-ts.1
      '@rbxts-js/jest-util': 3.16.0-ts.1
      '@rbxts-js/jest-validate': 3.16.0-ts.1
      '@rbxts-js/luau-polyfill': 1.2.3-ts.1
      '@rbxts-js/luau-regexp': 0.2.2-ts.1
      '@rbxts-js/roblox-lua-promise': 3.5.0-ts.2
      '@rbxts-js/roblox-shared': 3.16.0-ts.1

  '@rbxts-js/jest-console@3.16.0-ts.1':
    dependencies:
      '@rbxts-js/chalk-lua': 0.2.2-ts.2
      '@rbxts-js/jest-each': 3.16.0-ts.1
      '@rbxts-js/jest-message-util': 3.16.0-ts.1
      '@rbxts-js/jest-mock': 3.16.0-ts.1
      '@rbxts-js/jest-types': 3.16.0-ts.1
      '@rbxts-js/jest-util': 3.16.0-ts.1
      '@rbxts-js/luau-polyfill': 1.2.3-ts.1
      '@rbxts-js/roblox-shared': 3.16.0-ts.1

  '@rbxts-js/jest-core@3.16.0-ts.1':
    dependencies:
      '@rbxts-js/chalk-lua': 0.2.2-ts.2
      '@rbxts-js/emittery': 3.16.0-ts.1
      '@rbxts-js/jest-config': 3.16.0-ts.1
      '@rbxts-js/jest-console': 3.16.0-ts.1
      '@rbxts-js/jest-message-util': 3.16.0-ts.1
      '@rbxts-js/jest-reporters': 3.16.0-ts.1
      '@rbxts-js/jest-runner': 3.16.0-ts.1
      '@rbxts-js/jest-runtime': 3.16.0-ts.1
      '@rbxts-js/jest-snapshot': 3.16.0-ts.1
      '@rbxts-js/jest-test-result': 3.16.0-ts.1
      '@rbxts-js/jest-types': 3.16.0-ts.1
      '@rbxts-js/jest-util': 3.16.0-ts.1
      '@rbxts-js/luau-polyfill': 1.2.3-ts.1
      '@rbxts-js/luau-regexp': 0.2.2-ts.1
      '@rbxts-js/pretty-format': 3.16.0-ts.1
      '@rbxts-js/roblox-lua-promise': 3.5.0-ts.2
      '@rbxts-js/roblox-shared': 3.16.0-ts.1

  '@rbxts-js/jest-diff@3.16.0-ts.1':
    dependencies:
      '@rbxts-js/chalk-lua': 0.2.2-ts.2
      '@rbxts-js/diff-sequences': 3.16.0-ts.1
      '@rbxts-js/jest-get-type': 3.16.0-ts.1
      '@rbxts-js/jest-types': 3.16.0-ts.1
      '@rbxts-js/luau-polyfill': 1.2.3-ts.1
      '@rbxts-js/pretty-format': 3.16.0-ts.1

  '@rbxts-js/jest-each@3.16.0-ts.1':
    dependencies:
      '@rbxts-js/chalk-lua': 0.2.2-ts.2
      '@rbxts-js/jest-get-type': 3.16.0-ts.1
      '@rbxts-js/jest-types': 3.16.0-ts.1
      '@rbxts-js/jest-util': 3.16.0-ts.1
      '@rbxts-js/luau-polyfill': 1.2.3-ts.1
      '@rbxts-js/luau-regexp': 0.2.2-ts.1
      '@rbxts-js/pretty-format': 3.16.0-ts.1

  '@rbxts-js/jest-environment-luau@3.16.0-ts.1':
    dependencies:
      '@rbxts-js/jest-environment': 3.16.0-ts.1
      '@rbxts-js/jest-fake-timers': 3.16.0-ts.1
      '@rbxts-js/jest-mock': 3.16.0-ts.1
      '@rbxts-js/jest-types': 3.16.0-ts.1
      '@rbxts-js/luau-polyfill': 1.2.3-ts.1
      '@rbxts-js/roblox-lua-promise': 3.5.0-ts.2

  '@rbxts-js/jest-environment@3.16.0-ts.1':
    dependencies:
      '@rbxts-js/jest-fake-timers': 3.16.0-ts.1
      '@rbxts-js/jest-mock': 3.16.0-ts.1
      '@rbxts-js/jest-mock-genv': 3.16.0-ts.1
      '@rbxts-js/jest-types': 3.16.0-ts.1
      '@rbxts-js/luau-polyfill': 1.2.3-ts.1

  '@rbxts-js/jest-fake-timers@3.16.0-ts.1':
    dependencies:
      '@rbxts-js/jest-get-type': 3.16.0-ts.1
      '@rbxts-js/jest-mock': 3.16.0-ts.1
      '@rbxts-js/luau-polyfill': 1.2.3-ts.1

  '@rbxts-js/jest-get-type@3.16.0-ts.1':
    dependencies:
      '@rbxts-js/luau-polyfill': 1.2.3-ts.1
      '@rbxts-js/luau-regexp': 0.2.2-ts.1

  '@rbxts-js/jest-globals@3.16.0-ts.1':
    dependencies:
      '@rbxts-js/expect': 3.16.0-ts.1
      '@rbxts-js/jest-environment': 3.16.0-ts.1
      '@rbxts-js/jest-types': 3.16.0-ts.1
      '@rbxts-js/luau-polyfill': 1.2.3-ts.1

  '@rbxts-js/jest-matcher-utils@3.16.0-ts.1':
    dependencies:
      '@rbxts-js/chalk-lua': 0.2.2-ts.2
      '@rbxts-js/jest-diff': 3.16.0-ts.1
      '@rbxts-js/jest-get-type': 3.16.0-ts.1
      '@rbxts-js/luau-polyfill': 1.2.3-ts.1
      '@rbxts-js/luau-regexp': 0.2.2-ts.1
      '@rbxts-js/pretty-format': 3.16.0-ts.1

  '@rbxts-js/jest-message-util@3.16.0-ts.1':
    dependencies:
      '@rbxts-js/chalk-lua': 0.2.2-ts.2
      '@rbxts-js/jest-types': 3.16.0-ts.1
      '@rbxts-js/luau-polyfill': 1.2.3-ts.1
      '@rbxts-js/luau-regexp': 0.2.2-ts.1
      '@rbxts-js/pretty-format': 3.16.0-ts.1
      '@rbxts-js/roblox-shared': 3.16.0-ts.1

  '@rbxts-js/jest-mock-genv@3.16.0-ts.1':
    dependencies:
      '@rbxts-js/luau-polyfill': 1.2.3-ts.1

  '@rbxts-js/jest-mock-rbx@3.16.0-ts.1':
    dependencies:
      '@rbxts-js/jest-types': 3.16.0-ts.1
      '@rbxts-js/luau-polyfill': 1.2.3-ts.1

  '@rbxts-js/jest-mock@3.16.0-ts.1':
    dependencies:
      '@rbxts-js/jest-mock-genv': 3.16.0-ts.1
      '@rbxts-js/jest-mock-rbx': 3.16.0-ts.1
      '@rbxts-js/jest-types': 3.16.0-ts.1
      '@rbxts-js/luau-polyfill': 1.2.3-ts.1

  '@rbxts-js/jest-reporters@3.16.0-ts.1':
    dependencies:
      '@rbxts-js/chalk-lua': 0.2.2-ts.2
      '@rbxts-js/jest-console': 3.16.0-ts.1
      '@rbxts-js/jest-message-util': 3.16.0-ts.1
      '@rbxts-js/jest-mock': 3.16.0-ts.1
      '@rbxts-js/jest-test-result': 3.16.0-ts.1
      '@rbxts-js/jest-types': 3.16.0-ts.1
      '@rbxts-js/jest-util': 3.16.0-ts.1
      '@rbxts-js/luau-polyfill': 1.2.3-ts.1
      '@rbxts-js/luau-regexp': 0.2.2-ts.1
      '@rbxts-js/path': 3.16.0-ts.1
      '@rbxts-js/roblox-shared': 3.16.0-ts.1
      '@rbxts-js/test-utils': 3.16.0-ts.1

  '@rbxts-js/jest-runner@3.16.0-ts.1':
    dependencies:
      '@rbxts-js/chalk-lua': 0.2.2-ts.2
      '@rbxts-js/emittery': 3.16.0-ts.1
      '@rbxts-js/jest-circus': 3.16.0-ts.1
      '@rbxts-js/jest-console': 3.16.0-ts.1
      '@rbxts-js/jest-environment': 3.16.0-ts.1
      '@rbxts-js/jest-message-util': 3.16.0-ts.1
      '@rbxts-js/jest-runtime': 3.16.0-ts.1
      '@rbxts-js/jest-test-result': 3.16.0-ts.1
      '@rbxts-js/jest-types': 3.16.0-ts.1
      '@rbxts-js/jest-util': 3.16.0-ts.1
      '@rbxts-js/luau-polyfill': 1.2.3-ts.1
      '@rbxts-js/roblox-lua-promise': 3.5.0-ts.2
      '@rbxts-js/roblox-shared': 3.16.0-ts.1
      '@rbxts-js/throat': 3.16.0-ts.1

  '@rbxts-js/jest-runtime@3.16.0-ts.1':
    dependencies:
      '@rbxts-js/expect': 3.16.0-ts.1
      '@rbxts-js/jest-fake-timers': 3.16.0-ts.1
      '@rbxts-js/jest-mock': 3.16.0-ts.1
      '@rbxts-js/jest-mock-genv': 3.16.0-ts.1
      '@rbxts-js/jest-snapshot': 3.16.0-ts.1
      '@rbxts-js/jest-types': 3.16.0-ts.1
      '@rbxts-js/luau-polyfill': 1.2.3-ts.1
      '@rbxts-js/roblox-lua-promise': 3.5.0-ts.2

  '@rbxts-js/jest-snapshot@3.16.0-ts.1':
    dependencies:
      '@rbxts-js/chalk-lua': 0.2.2-ts.2
      '@rbxts-js/jest-diff': 3.16.0-ts.1
      '@rbxts-js/jest-get-type': 3.16.0-ts.1
      '@rbxts-js/jest-matcher-utils': 3.16.0-ts.1
      '@rbxts-js/jest-types': 3.16.0-ts.1
      '@rbxts-js/luau-polyfill': 1.2.3-ts.1
      '@rbxts-js/pretty-format': 3.16.0-ts.1
      '@rbxts-js/roblox-lua-promise': 3.5.0-ts.2
      '@rbxts-js/roblox-shared': 3.16.0-ts.1

  '@rbxts-js/jest-test-result@3.16.0-ts.1':
    dependencies:
      '@rbxts-js/jest-types': 3.16.0-ts.1
      '@rbxts-js/luau-polyfill': 1.2.3-ts.1

  '@rbxts-js/jest-types@3.16.0-ts.1':
    dependencies:
      '@rbxts-js/luau-polyfill': 1.2.3-ts.1
      '@rbxts-js/luau-regexp': 0.2.2-ts.1

  '@rbxts-js/jest-util@3.16.0-ts.1':
    dependencies:
      '@rbxts-js/chalk-lua': 0.2.2-ts.2
      '@rbxts-js/jest-types': 3.16.0-ts.1
      '@rbxts-js/luau-polyfill': 1.2.3-ts.1
      '@rbxts-js/luau-regexp': 0.2.2-ts.1
      '@rbxts-js/picomatch-lua': 0.4.0-ts.1
      '@rbxts-js/roblox-lua-promise': 3.5.0-ts.2
      '@rbxts-js/roblox-shared': 3.16.0-ts.1

  '@rbxts-js/jest-validate@3.16.0-ts.1':
    dependencies:
      '@rbxts-js/chalk-lua': 0.2.2-ts.2
      '@rbxts-js/luau-polyfill': 1.2.3-ts.1

  '@rbxts-js/luau-polyfill@1.2.3-ts.1':
    dependencies:
      '@rbxts-js/boolean': 1.2.3-ts.1
      '@rbxts-js/collections': 1.2.3-ts.1
      '@rbxts-js/console': 1.2.3-ts.1
      '@rbxts-js/es7-types': 1.2.3-ts.1
      '@rbxts-js/instance-of': 1.2.3-ts.1
      '@rbxts-js/math': 1.2.3-ts.1
      '@rbxts-js/number': 1.2.3-ts.1
      '@rbxts-js/string': 1.2.3-ts.1
      '@rbxts-js/symbol-luau': 1.0.0-ts.1
      '@rbxts-js/timers': 1.2.3-ts.1

  '@rbxts-js/luau-regexp@0.2.2-ts.1': {}

  '@rbxts-js/math@1.2.3-ts.1': {}

  '@rbxts-js/number@1.2.3-ts.1': {}

  '@rbxts-js/path@3.16.0-ts.1':
    dependencies:
      '@rbxts-js/luau-polyfill': 1.2.3-ts.1

  '@rbxts-js/picomatch-lua@0.4.0-ts.1':
    dependencies:
      '@rbxts-js/luau-polyfill': 1.2.3-ts.1
      '@rbxts-js/luau-regexp': 0.2.2-ts.1
      '@rbxts-js/roblox-lua-promise': 3.5.0-ts.2

  '@rbxts-js/pretty-format@3.16.0-ts.1':
    dependencies:
      '@rbxts-js/chalk-lua': 0.2.2-ts.2
      '@rbxts-js/jest-get-type': 3.16.0-ts.1
      '@rbxts-js/luau-polyfill': 1.2.3-ts.1
      '@rbxts-js/luau-regexp': 0.2.2-ts.1
      '@rbxts-js/react-is': 17.3.7-ts.1
      '@rbxts-js/roblox-shared': 3.16.0-ts.1

  '@rbxts-js/react-globals@17.3.7-ts.1':
    dependencies:
      '@rbxts-js/safe-flags': 17.3.7-ts.1

  '@rbxts-js/react-is@17.3.7-ts.1':
    dependencies:
      '@rbxts-js/react-globals': 17.3.7-ts.1
      '@rbxts-js/safe-flags': 17.3.7-ts.1
      '@rbxts-js/shared': 17.3.7-ts.1

  '@rbxts-js/react-reconciler@17.3.7-ts.1':
    dependencies:
      '@rbxts-js/luau-polyfill': 1.2.3-ts.1
      '@rbxts-js/react': 17.3.7-ts.1
      '@rbxts-js/react-globals': 17.3.7-ts.1
      '@rbxts-js/roblox-lua-promise': 3.5.0-ts.2
      '@rbxts-js/safe-flags': 17.3.7-ts.1
      '@rbxts-js/scheduler': 17.3.7-ts.1
      '@rbxts-js/shared': 17.3.7-ts.1

  '@rbxts-js/react-roblox@17.3.7-ts.1':
    dependencies:
      '@rbxts-js/luau-polyfill': 1.2.3-ts.1
      '@rbxts-js/react': 17.3.7-ts.1
      '@rbxts-js/react-globals': 17.3.7-ts.1
      '@rbxts-js/react-reconciler': 17.3.7-ts.1
      '@rbxts-js/scheduler': 17.3.7-ts.1
      '@rbxts-js/shared': 17.3.7-ts.1

  '@rbxts-js/react@17.3.7-ts.1':
    dependencies:
      '@rbxts-js/luau-polyfill': 1.2.3-ts.1
      '@rbxts-js/react-globals': 17.3.7-ts.1
      '@rbxts-js/shared': 17.3.7-ts.1

  '@rbxts-js/roblox-lua-promise@3.5.0-ts.2': {}

  '@rbxts-js/roblox-shared@3.16.0-ts.1':
    dependencies:
      '@rbxts-js/jest-get-type': 3.16.0-ts.1
      '@rbxts-js/jest-mock': 3.16.0-ts.1
      '@rbxts-js/luau-polyfill': 1.2.3-ts.1

  '@rbxts-js/safe-flags@17.3.7-ts.1': {}

  '@rbxts-js/scheduler@17.3.7-ts.1':
    dependencies:
      '@rbxts-js/luau-polyfill': 1.2.3-ts.1
      '@rbxts-js/react-globals': 17.3.7-ts.1
      '@rbxts-js/safe-flags': 17.3.7-ts.1
      '@rbxts-js/shared': 17.3.7-ts.1

  '@rbxts-js/shared@17.3.7-ts.1':
    dependencies:
      '@rbxts-js/luau-polyfill': 1.2.3-ts.1
      '@rbxts-js/react-globals': 17.3.7-ts.1
      '@rbxts-js/safe-flags': 17.3.7-ts.1

  '@rbxts-js/string@1.2.3-ts.1':
    dependencies:
      '@rbxts-js/es7-types': 1.2.3-ts.1
      '@rbxts-js/number': 1.2.3-ts.1

  '@rbxts-js/symbol-luau@1.0.0-ts.1': {}

  '@rbxts-js/test-utils@3.16.0-ts.1':
    dependencies:
      '@rbxts-js/chalk-lua': 0.2.2-ts.2
      '@rbxts-js/jest-environment-luau': 3.16.0-ts.1
      '@rbxts-js/jest-types': 3.16.0-ts.1
      '@rbxts-js/luau-polyfill': 1.2.3-ts.1
      '@rbxts-js/pretty-format': 3.16.0-ts.1

  '@rbxts-js/throat@3.16.0-ts.1':
    dependencies:
      '@rbxts-js/luau-polyfill': 1.2.3-ts.1
      '@rbxts-js/roblox-lua-promise': 3.5.0-ts.2

  '@rbxts-js/timers@1.2.3-ts.1':
    dependencies:
      '@rbxts-js/collections': 1.2.3-ts.1
